
Microsoft Visual Studio Solution File, Format Version 12.00
# Visual Studio 14
VisualStudioVersion = 14.0.25420.1
MinimumVisualStudioVersion = 10.0.40219.1
Project("{2150E333-8FDC-42A3-9474-1A3956D46DE8}") = "src", "src", "{10427EEC-2CE1-40DC-B8DE-834383B91446}"
EndProject
Project("{2150E333-8FDC-42A3-9474-1A3956D46DE8}") = "Solution Items", "Solution Items", "{B6018EC6-85A9-4EA9-A398-85640EEE6B59}"
	ProjectSection(SolutionItems) = preProject
		global.json = global.json
	EndProjectSection
EndProject
Project("{8BB2217D-0F2D-49D1-97BC-3654ED321F3B}") = "CakeshopUI", "src\CakeshopUI\CakeshopUI.xproj", "{ABB63A31-17A4-4064-9AAE-57719C3F167A}"
EndProject
Global
	GlobalSection(SolutionConfigurationPlatforms) = preSolution
		Debug|Any CPU = Debug|Any CPU
		Release|Any CPU = Release|Any CPU
	EndGlobalSection
	GlobalSection(ProjectConfigurationPlatforms) = postSolution
		{ABB63A31-17A4-4064-9AAE-57719C3F167A}.Debug|Any CPU.ActiveCfg = Debug|Any CPU
		{ABB63A31-17A4-4064-9AAE-57719C3F167A}.Debug|Any CPU.Build.0 = Debug|Any CPU
		{ABB63A31-17A4-4064-9AAE-57719C3F167A}.Release|Any CPU.ActiveCfg = Release|Any CPU
		{ABB63A31-17A4-4064-9AAE-57719C3F167A}.Release|Any CPU.Build.0 = Release|Any CPU
	EndGlobalSection
	GlobalSection(SolutionProperties) = preSolution
		HideSolutionNode = FALSE
	EndGlobalSection
	GlobalSection(NestedProjects) = preSolution
		{ABB63A31-17A4-4064-9AAE-57719C3F167A} = {10427EEC-2CE1-40DC-B8DE-834383B91446}
	EndGlobalSection
EndGlobal
